
Microsoft Visual Studio Solution File, Format Version 12.00
# Visual Studio Version 17
VisualStudioVersion = 17.5.33414.496
MinimumVisualStudioVersion = 10.0.40219.1
Project("{9A19103F-16F7-4668-BE54-9A1E7A4F7556}") = "InventoryManager.UI", "InventoryManager.UI\InventoryManager.UI.csproj", "{A468AD97-D98C-4847-9535-6BFDCA1AA758}"
	ProjectSection(ProjectDependencies) = postProject
		{5E82AC4F-F980-474E-80E8-9294D2772123} = {5E82AC4F-F980-474E-80E8-9294D2772123}
	EndProjectSection
EndProject
Project("{9A19103F-16F7-4668-BE54-9A1E7A4F7556}") = "InventoryManager.Utils", "InventoryManager.Utils\InventoryManager.Utils.csproj", "{5E82AC4F-F980-474E-80E8-9294D2772123}"
EndProject
Global
	GlobalSection(SolutionConfigurationPlatforms) = preSolution
		Debug|Any CPU = Debug|Any CPU
		Release|Any CPU = Release|Any CPU
	EndGlobalSection
	GlobalSection(ProjectConfigurationPlatforms) = postSolution
		{A468AD97-D98C-4847-9535-6BFDCA1AA758}.Debug|Any CPU.ActiveCfg = Debug|Any CPU
		{A468AD97-D98C-4847-9535-6BFDCA1AA758}.Debug|Any CPU.Build.0 = Debug|Any CPU
		{A468AD97-D98C-4847-9535-6BFDCA1AA758}.Release|Any CPU.ActiveCfg = Release|Any CPU
		{A468AD97-D98C-4847-9535-6BFDCA1AA758}.Release|Any CPU.Build.0 = Release|Any CPU
		{5E82AC4F-F980-474E-80E8-9294D2772123}.Debug|Any CPU.ActiveCfg = Debug|Any CPU
		{5E82AC4F-F980-474E-80E8-9294D2772123}.Debug|Any CPU.Build.0 = Debug|Any CPU
		{5E82AC4F-F980-474E-80E8-9294D2772123}.Release|Any CPU.ActiveCfg = Release|Any CPU
		{5E82AC4F-F980-474E-80E8-9294D2772123}.Release|Any CPU.Build.0 = Release|Any CPU
	EndGlobalSection
	GlobalSection(SolutionProperties) = preSolution
		HideSolutionNode = FALSE
	EndGlobalSection
	GlobalSection(ExtensibilityGlobals) = postSolution
		SolutionGuid = {28FC80D7-A7EE-477E-BFE0-3F62407124C0}
	EndGlobalSection
EndGlobal
